
Microsoft Visual Studio Solution File, Format Version 12.00
# Visual Studio Version 17
VisualStudioVersion = 17.3.32819.101
MinimumVisualStudioVersion = 10.0.40219.1
Project("{FAE04EC0-301F-11D3-BF4B-00C04F79EFBC}") = "Jankovic_4", "Jankovic_4\Jankovic_4.csproj", "{99489336-8787-466D-BCCD-F2A1BBD47C3B}"
EndProject
Global
	GlobalSection(SolutionConfigurationPlatforms) = preSolution
		Debug|Any CPU = Debug|Any CPU
		Release|Any CPU = Release|Any CPU
	EndGlobalSection
	GlobalSection(ProjectConfigurationPlatforms) = postSolution
		{99489336-8787-466D-BCCD-F2A1BBD47C3B}.Debug|Any CPU.ActiveCfg = Debug|Any CPU
		{99489336-8787-466D-BCCD-F2A1BBD47C3B}.Debug|Any CPU.Build.0 = Debug|Any CPU
		{99489336-8787-466D-BCCD-F2A1BBD47C3B}.Release|Any CPU.ActiveCfg = Release|Any CPU
		{99489336-8787-466D-BCCD-F2A1BBD47C3B}.Release|Any CPU.Build.0 = Release|Any CPU
	EndGlobalSection
	GlobalSection(SolutionProperties) = preSolution
		HideSolutionNode = FALSE
	EndGlobalSection
	GlobalSection(ExtensibilityGlobals) = postSolution
		SolutionGuid = {E707D112-997F-4F2B-82C9-D81612F549E9}
	EndGlobalSection
EndGlobal
